// !$*UTF8*$!
{
	archiveVersion = 1;
	classes = {
	};
	objectVersion = 46;
	objects = {

/* Begin PBXBuildFile section */
		ADCE9CDE17ECE624008943B0 /* Foundation.framework in Frameworks */ = {isa = PBXBuildFile; fileRef = ADCE9CDD17ECE624008943B0 /* Foundation.framework */; };
		ADCE9CE017ECE624008943B0 /* CoreGraphics.framework in Frameworks */ = {isa = PBXBuildFile; fileRef = ADCE9CDF17ECE624008943B0 /* CoreGraphics.framework */; };
		ADCE9CE217ECE624008943B0 /* UIKit.framework in Frameworks */ = {isa = PBXBuildFile; fileRef = ADCE9CE117ECE624008943B0 /* UIKit.framework */; };
		ADCE9CE817ECE624008943B0 /* InfoPlist.strings in Resources */ = {isa = PBXBuildFile; fileRef = ADCE9CE617ECE624008943B0 /* InfoPlist.strings */; };
		ADCE9CEA17ECE624008943B0 /* main.m in Sources */ = {isa = PBXBuildFile; fileRef = ADCE9CE917ECE624008943B0 /* main.m */; };
		ADCE9CEE17ECE624008943B0 /* AppDelegate.m in Sources */ = {isa = PBXBuildFile; fileRef = ADCE9CED17ECE624008943B0 /* AppDelegate.m */; };
		ADCE9CF117ECE624008943B0 /* Main.storyboard in Resources */ = {isa = PBXBuildFile; fileRef = ADCE9CEF17ECE624008943B0 /* Main.storyboard */; };
		ADCE9CF417ECE624008943B0 /* ViewController.m in Sources */ = {isa = PBXBuildFile; fileRef = ADCE9CF317ECE624008943B0 /* ViewController.m */; };
		ADCE9CF617ECE624008943B0 /* Images.xcassets in Resources */ = {isa = PBXBuildFile; fileRef = ADCE9CF517ECE624008943B0 /* Images.xcassets */; };
		ADCE9CFD17ECE624008943B0 /* XCTest.framework in Frameworks */ = {isa = PBXBuildFile; fileRef = ADCE9CFC17ECE624008943B0 /* XCTest.framework */; };
		ADCE9CFE17ECE624008943B0 /* Foundation.framework in Frameworks */ = {isa = PBXBuildFile; fileRef = ADCE9CDD17ECE624008943B0 /* Foundation.framework */; };
		ADCE9CFF17ECE624008943B0 /* UIKit.framework in Frameworks */ = {isa = PBXBuildFile; fileRef = ADCE9CE117ECE624008943B0 /* UIKit.framework */; };
		ADCE9D0717ECE624008943B0 /* InfoPlist.strings in Resources */ = {isa = PBXBuildFile; fileRef = ADCE9D0517ECE624008943B0 /* InfoPlist.strings */; };
		ADCE9D0917ECE624008943B0 /* WTFTests.m in Sources */ = {isa = PBXBuildFile; fileRef = ADCE9D0817ECE624008943B0 /* WTFTests.m */; };
		ADCE9D1317ECEB8C008943B0 /* table.png in Resources */ = {isa = PBXBuildFile; fileRef = ADCE9D1217ECEB8C008943B0 /* table.png */; };
		ADCE9D1517ECEB97008943B0 /* plate.png in Resources */ = {isa = PBXBuildFile; fileRef = ADCE9D1417ECEB97008943B0 /* plate.png */; };
		ADCE9D1917ECEBB3008943B0 /* commented.png in Resources */ = {isa = PBXBuildFile; fileRef = ADCE9D1617ECEBB3008943B0 /* commented.png */; };
		ADCE9D1A17ECEBB3008943B0 /* disliked.png in Resources */ = {isa = PBXBuildFile; fileRef = ADCE9D1717ECEBB3008943B0 /* disliked.png */; };
		ADCE9D1B17ECEBB3008943B0 /* liked.png in Resources */ = {isa = PBXBuildFile; fileRef = ADCE9D1817ECEBB3008943B0 /* liked.png */; };
		ADCE9D1F17ECEBFF008943B0 /* comment.png in Resources */ = {isa = PBXBuildFile; fileRef = ADCE9D1C17ECEBFF008943B0 /* comment.png */; };
		ADCE9D2017ECEBFF008943B0 /* dislike.png in Resources */ = {isa = PBXBuildFile; fileRef = ADCE9D1D17ECEBFF008943B0 /* dislike.png */; };
		ADCE9D2117ECEBFF008943B0 /* like.png in Resources */ = {isa = PBXBuildFile; fileRef = ADCE9D1E17ECEBFF008943B0 /* like.png */; };
/* End PBXBuildFile section */

/* Begin PBXContainerItemProxy section */
		ADCE9D0017ECE624008943B0 /* PBXContainerItemProxy */ = {
			isa = PBXContainerItemProxy;
			containerPortal = ADCE9CD217ECE624008943B0 /* Project object */;
			proxyType = 1;
			remoteGlobalIDString = ADCE9CD917ECE624008943B0;
			remoteInfo = WTF;
		};
/* End PBXContainerItemProxy section */

/* Begin PBXFileReference section */
		ADCE9CDA17ECE624008943B0 /* WTF.app */ = {isa = PBXFileReference; explicitFileType = wrapper.application; includeInIndex = 0; path = WTF.app; sourceTree = BUILT_PRODUCTS_DIR; };
		ADCE9CDD17ECE624008943B0 /* Foundation.framework */ = {isa = PBXFileReference; lastKnownFileType = wrapper.framework; name = Foundation.framework; path = System/Library/Frameworks/Foundation.framework; sourceTree = SDKROOT; };
		ADCE9CDF17ECE624008943B0 /* CoreGraphics.framework */ = {isa = PBXFileReference; lastKnownFileType = wrapper.framework; name = CoreGraphics.framework; path = System/Library/Frameworks/CoreGraphics.framework; sourceTree = SDKROOT; };
		ADCE9CE117ECE624008943B0 /* UIKit.framework */ = {isa = PBXFileReference; lastKnownFileType = wrapper.framework; name = UIKit.framework; path = System/Library/Frameworks/UIKit.framework; sourceTree = SDKROOT; };
		ADCE9CE517ECE624008943B0 /* WTF-Info.plist */ = {isa = PBXFileReference; lastKnownFileType = text.plist.xml; path = "WTF-Info.plist"; sourceTree = "<group>"; };
		ADCE9CE717ECE624008943B0 /* en */ = {isa = PBXFileReference; lastKnownFileType = text.plist.strings; name = en; path = en.lproj/InfoPlist.strings; sourceTree = "<group>"; };
		ADCE9CE917ECE624008943B0 /* main.m */ = {isa = PBXFileReference; lastKnownFileType = sourcecode.c.objc; path = main.m; sourceTree = "<group>"; };
		ADCE9CEB17ECE624008943B0 /* WTF-Prefix.pch */ = {isa = PBXFileReference; lastKnownFileType = sourcecode.c.h; path = "WTF-Prefix.pch"; sourceTree = "<group>"; };
		ADCE9CEC17ECE624008943B0 /* AppDelegate.h */ = {isa = PBXFileReference; lastKnownFileType = sourcecode.c.h; path = AppDelegate.h; sourceTree = "<group>"; };
		ADCE9CED17ECE624008943B0 /* AppDelegate.m */ = {isa = PBXFileReference; lastKnownFileType = sourcecode.c.objc; path = AppDelegate.m; sourceTree = "<group>"; };
		ADCE9CF017ECE624008943B0 /* Base */ = {isa = PBXFileReference; lastKnownFileType = file.storyboard; name = Base; path = Base.lproj/Main.storyboard; sourceTree = "<group>"; };
		ADCE9CF217ECE624008943B0 /* ViewController.h */ = {isa = PBXFileReference; lastKnownFileType = sourcecode.c.h; path = ViewController.h; sourceTree = "<group>"; };
		ADCE9CF317ECE624008943B0 /* ViewController.m */ = {isa = PBXFileReference; lastKnownFileType = sourcecode.c.objc; path = ViewController.m; sourceTree = "<group>"; };
		ADCE9CF517ECE624008943B0 /* Images.xcassets */ = {isa = PBXFileReference; lastKnownFileType = folder.assetcatalog; path = Images.xcassets; sourceTree = "<group>"; };
		ADCE9CFB17ECE624008943B0 /* WTFTests.xctest */ = {isa = PBXFileReference; explicitFileType = wrapper.cfbundle; includeInIndex = 0; path = WTFTests.xctest; sourceTree = BUILT_PRODUCTS_DIR; };
		ADCE9CFC17ECE624008943B0 /* XCTest.framework */ = {isa = PBXFileReference; lastKnownFileType = wrapper.framework; name = XCTest.framework; path = Library/Frameworks/XCTest.framework; sourceTree = DEVELOPER_DIR; };
		ADCE9D0417ECE624008943B0 /* WTFTests-Info.plist */ = {isa = PBXFileReference; lastKnownFileType = text.plist.xml; path = "WTFTests-Info.plist"; sourceTree = "<group>"; };
		ADCE9D0617ECE624008943B0 /* en */ = {isa = PBXFileReference; lastKnownFileType = text.plist.strings; name = en; path = en.lproj/InfoPlist.strings; sourceTree = "<group>"; };
		ADCE9D0817ECE624008943B0 /* WTFTests.m */ = {isa = PBXFileReference; lastKnownFileType = sourcecode.c.objc; path = WTFTests.m; sourceTree = "<group>"; };
		ADCE9D1217ECEB8C008943B0 /* table.png */ = {isa = PBXFileReference; lastKnownFileType = image.png; path = table.png; sourceTree = "<group>"; };
		ADCE9D1417ECEB97008943B0 /* plate.png */ = {isa = PBXFileReference; lastKnownFileType = image.png; path = plate.png; sourceTree = "<group>"; };
		ADCE9D1617ECEBB3008943B0 /* commented.png */ = {isa = PBXFileReference; lastKnownFileType = image.png; path = commented.png; sourceTree = "<group>"; };
		ADCE9D1717ECEBB3008943B0 /* disliked.png */ = {isa = PBXFileReference; lastKnownFileType = image.png; path = disliked.png; sourceTree = "<group>"; };
		ADCE9D1817ECEBB3008943B0 /* liked.png */ = {isa = PBXFileReference; lastKnownFileType = image.png; path = liked.png; sourceTree = "<group>"; };
		ADCE9D1C17ECEBFF008943B0 /* comment.png */ = {isa = PBXFileReference; lastKnownFileType = image.png; path = comment.png; sourceTree = "<group>"; };
		ADCE9D1D17ECEBFF008943B0 /* dislike.png */ = {isa = PBXFileReference; lastKnownFileType = image.png; path = dislike.png; sourceTree = "<group>"; };
		ADCE9D1E17ECEBFF008943B0 /* like.png */ = {isa = PBXFileReference; lastKnownFileType = image.png; path = like.png; sourceTree = "<group>"; };
/* End PBXFileReference section */

/* Begin PBXFrameworksBuildPhase section */
		ADCE9CD717ECE624008943B0 /* Frameworks */ = {
			isa = PBXFrameworksBuildPhase;
			buildActionMask = 2147483647;
			files = (
				ADCE9CE017ECE624008943B0 /* CoreGraphics.framework in Frameworks */,
				ADCE9CE217ECE624008943B0 /* UIKit.framework in Frameworks */,
				ADCE9CDE17ECE624008943B0 /* Foundation.framework in Frameworks */,
			);
			runOnlyForDeploymentPostprocessing = 0;
		};
		ADCE9CF817ECE624008943B0 /* Frameworks */ = {
			isa = PBXFrameworksBuildPhase;
			buildActionMask = 2147483647;
			files = (
				ADCE9CFD17ECE624008943B0 /* XCTest.framework in Frameworks */,
				ADCE9CFF17ECE624008943B0 /* UIKit.framework in Frameworks */,
				ADCE9CFE17ECE624008943B0 /* Foundation.framework in Frameworks */,
			);
			runOnlyForDeploymentPostprocessing = 0;
		};
/* End PBXFrameworksBuildPhase section */

/* Begin PBXGroup section */
		ADCE9CD117ECE624008943B0 = {
			isa = PBXGroup;
			children = (
				ADCE9CE317ECE624008943B0 /* WTF */,
				ADCE9D0217ECE624008943B0 /* WTFTests */,
				ADCE9CDC17ECE624008943B0 /* Frameworks */,
				ADCE9CDB17ECE624008943B0 /* Products */,
			);
			sourceTree = "<group>";
		};
		ADCE9CDB17ECE624008943B0 /* Products */ = {
			isa = PBXGroup;
			children = (
				ADCE9CDA17ECE624008943B0 /* WTF.app */,
				ADCE9CFB17ECE624008943B0 /* WTFTests.xctest */,
			);
			name = Products;
			sourceTree = "<group>";
		};
		ADCE9CDC17ECE624008943B0 /* Frameworks */ = {
			isa = PBXGroup;
			children = (
				ADCE9CDD17ECE624008943B0 /* Foundation.framework */,
				ADCE9CDF17ECE624008943B0 /* CoreGraphics.framework */,
				ADCE9CE117ECE624008943B0 /* UIKit.framework */,
				ADCE9CFC17ECE624008943B0 /* XCTest.framework */,
			);
			name = Frameworks;
			sourceTree = "<group>";
		};
		ADCE9CE317ECE624008943B0 /* WTF */ = {
			isa = PBXGroup;
			children = (
				ADCE9D2217ECED64008943B0 /* Images */,
				ADCE9CEC17ECE624008943B0 /* AppDelegate.h */,
				ADCE9CED17ECE624008943B0 /* AppDelegate.m */,
				ADCE9CEF17ECE624008943B0 /* Main.storyboard */,
				ADCE9CF217ECE624008943B0 /* ViewController.h */,
				ADCE9CF317ECE624008943B0 /* ViewController.m */,
				ADCE9CF517ECE624008943B0 /* Images.xcassets */,
				ADCE9CE417ECE624008943B0 /* Supporting Files */,
			);
			path = WTF;
			sourceTree = "<group>";
		};
		ADCE9CE417ECE624008943B0 /* Supporting Files */ = {
			isa = PBXGroup;
			children = (
				ADCE9CE517ECE624008943B0 /* WTF-Info.plist */,
				ADCE9CE617ECE624008943B0 /* InfoPlist.strings */,
				ADCE9CE917ECE624008943B0 /* main.m */,
				ADCE9CEB17ECE624008943B0 /* WTF-Prefix.pch */,
			);
			name = "Supporting Files";
			sourceTree = "<group>";
		};
		ADCE9D0217ECE624008943B0 /* WTFTests */ = {
			isa = PBXGroup;
			children = (
				ADCE9D0817ECE624008943B0 /* WTFTests.m */,
				ADCE9D0317ECE624008943B0 /* Supporting Files */,
			);
			path = WTFTests;
			sourceTree = "<group>";
		};
		ADCE9D0317ECE624008943B0 /* Supporting Files */ = {
			isa = PBXGroup;
			children = (
				ADCE9D0417ECE624008943B0 /* WTFTests-Info.plist */,
				ADCE9D0517ECE624008943B0 /* InfoPlist.strings */,
			);
			name = "Supporting Files";
			sourceTree = "<group>";
		};
		ADCE9D2217ECED64008943B0 /* Images */ = {
			isa = PBXGroup;
			children = (
				ADCE9D1C17ECEBFF008943B0 /* comment.png */,
				ADCE9D1D17ECEBFF008943B0 /* dislike.png */,
				ADCE9D1E17ECEBFF008943B0 /* like.png */,
				ADCE9D1617ECEBB3008943B0 /* commented.png */,
				ADCE9D1717ECEBB3008943B0 /* disliked.png */,
				ADCE9D1817ECEBB3008943B0 /* liked.png */,
				ADCE9D1417ECEB97008943B0 /* plate.png */,
				ADCE9D1217ECEB8C008943B0 /* table.png */,
			);
			name = Images;
			sourceTree = "<group>";
		};
/* End PBXGroup section */

/* Begin PBXNativeTarget section */
		ADCE9CD917ECE624008943B0 /* WTF */ = {
			isa = PBXNativeTarget;
			buildConfigurationList = ADCE9D0C17ECE624008943B0 /* Build configuration list for PBXNativeTarget "WTF" */;
			buildPhases = (
				ADCE9CD617ECE624008943B0 /* Sources */,
				ADCE9CD717ECE624008943B0 /* Frameworks */,
				ADCE9CD817ECE624008943B0 /* Resources */,
			);
			buildRules = (
			);
			dependencies = (
			);
			name = WTF;
			productName = WTF;
			productReference = ADCE9CDA17ECE624008943B0 /* WTF.app */;
			productType = "com.apple.product-type.application";
		};
		ADCE9CFA17ECE624008943B0 /* WTFTests */ = {
			isa = PBXNativeTarget;
			buildConfigurationList = ADCE9D0F17ECE624008943B0 /* Build configuration list for PBXNativeTarget "WTFTests" */;
			buildPhases = (
				ADCE9CF717ECE624008943B0 /* Sources */,
				ADCE9CF817ECE624008943B0 /* Frameworks */,
				ADCE9CF917ECE624008943B0 /* Resources */,
			);
			buildRules = (
			);
			dependencies = (
				ADCE9D0117ECE624008943B0 /* PBXTargetDependency */,
			);
			name = WTFTests;
			productName = WTFTests;
			productReference = ADCE9CFB17ECE624008943B0 /* WTFTests.xctest */;
			productType = "com.apple.product-type.bundle.unit-test";
		};
/* End PBXNativeTarget section */

/* Begin PBXProject section */
		ADCE9CD217ECE624008943B0 /* Project object */ = {
			isa = PBXProject;
			attributes = {
				LastUpgradeCheck = 0500;
				ORGANIZATIONNAME = "Anand Vasudevan";
				TargetAttributes = {
					ADCE9CFA17ECE624008943B0 = {
						TestTargetID = ADCE9CD917ECE624008943B0;
					};
				};
			};
			buildConfigurationList = ADCE9CD517ECE624008943B0 /* Build configuration list for PBXProject "WTF" */;
			compatibilityVersion = "Xcode 3.2";
			developmentRegion = English;
			hasScannedForEncodings = 0;
			knownRegions = (
				en,
				Base,
			);
			mainGroup = ADCE9CD117ECE624008943B0;
			productRefGroup = ADCE9CDB17ECE624008943B0 /* Products */;
			projectDirPath = "";
			projectRoot = "";
			targets = (
				ADCE9CD917ECE624008943B0 /* WTF */,
				ADCE9CFA17ECE624008943B0 /* WTFTests */,
			);
		};
/* End PBXProject section */

/* Begin PBXResourcesBuildPhase section */
		ADCE9CD817ECE624008943B0 /* Resources */ = {
			isa = PBXResourcesBuildPhase;
			buildActionMask = 2147483647;
			files = (
				ADCE9D1517ECEB97008943B0 /* plate.png in Resources */,
				ADCE9D1A17ECEBB3008943B0 /* disliked.png in Resources */,
				ADCE9D1B17ECEBB3008943B0 /* liked.png in Resources */,
				ADCE9D1317ECEB8C008943B0 /* table.png in Resources */,
				ADCE9D1F17ECEBFF008943B0 /* comment.png in Resources */,
				ADCE9CF617ECE624008943B0 /* Images.xcassets in Resources */,
				ADCE9D1917ECEBB3008943B0 /* commented.png in Resources */,
				ADCE9D2017ECEBFF008943B0 /* dislike.png in Resources */,
				ADCE9CE817ECE624008943B0 /* InfoPlist.strings in Resources */,
				ADCE9CF117ECE624008943B0 /* Main.storyboard in Resources */,
				ADCE9D2117ECEBFF008943B0 /* like.png in Resources */,
			);
			runOnlyForDeploymentPostprocessing = 0;
		};
		ADCE9CF917ECE624008943B0 /* Resources */ = {
			isa = PBXResourcesBuildPhase;
			buildActionMask = 2147483647;
			files = (
				ADCE9D0717ECE624008943B0 /* InfoPlist.strings in Resources */,
			);
			runOnlyForDeploymentPostprocessing = 0;
		};
/* End PBXResourcesBuildPhase section */

/* Begin PBXSourcesBuildPhase section */
		ADCE9CD617ECE624008943B0 /* Sources */ = {
			isa = PBXSourcesBuildPhase;
			buildActionMask = 2147483647;
			files = (
				ADCE9CF417ECE624008943B0 /* ViewController.m in Sources */,
				ADCE9CEE17ECE624008943B0 /* AppDelegate.m in Sources */,
				ADCE9CEA17ECE624008943B0 /* main.m in Sources */,
			);
			runOnlyForDeploymentPostprocessing = 0;
		};
		ADCE9CF717ECE624008943B0 /* Sources */ = {
			isa = PBXSourcesBuildPhase;
			buildActionMask = 2147483647;
			files = (
				ADCE9D0917ECE624008943B0 /* WTFTests.m in Sources */,
			);
			runOnlyForDeploymentPostprocessing = 0;
		};
/* End PBXSourcesBuildPhase section */

/* Begin PBXTargetDependency section */
		ADCE9D0117ECE624008943B0 /* PBXTargetDependency */ = {
			isa = PBXTargetDependency;
			target = ADCE9CD917ECE624008943B0 /* WTF */;
			targetProxy = ADCE9D0017ECE624008943B0 /* PBXContainerItemProxy */;
		};
/* End PBXTargetDependency section */

/* Begin PBXVariantGroup section */
		ADCE9CE617ECE624008943B0 /* InfoPlist.strings */ = {
			isa = PBXVariantGroup;
			children = (
				ADCE9CE717ECE624008943B0 /* en */,
			);
			name = InfoPlist.strings;
			sourceTree = "<group>";
		};
		ADCE9CEF17ECE624008943B0 /* Main.storyboard */ = {
			isa = PBXVariantGroup;
			children = (
				ADCE9CF017ECE624008943B0 /* Base */,
			);
			name = Main.storyboard;
			sourceTree = "<group>";
		};
		ADCE9D0517ECE624008943B0 /* InfoPlist.strings */ = {
			isa = PBXVariantGroup;
			children = (
				ADCE9D0617ECE624008943B0 /* en */,
			);
			name = InfoPlist.strings;
			sourceTree = "<group>";
		};
/* End PBXVariantGroup section */

/* Begin XCBuildConfiguration section */
		ADCE9D0A17ECE624008943B0 /* Debug */ = {
			isa = XCBuildConfiguration;
			buildSettings = {
				ALWAYS_SEARCH_USER_PATHS = NO;
				ARCHS = "$(ARCHS_STANDARD_INCLUDING_64_BIT)";
				CLANG_CXX_LANGUAGE_STANDARD = "gnu++0x";
				CLANG_CXX_LIBRARY = "libc++";
				CLANG_ENABLE_MODULES = YES;
				CLANG_ENABLE_OBJC_ARC = YES;
				CLANG_WARN_BOOL_CONVERSION = YES;
				CLANG_WARN_CONSTANT_CONVERSION = YES;
				CLANG_WARN_DIRECT_OBJC_ISA_USAGE = YES_ERROR;
				CLANG_WARN_EMPTY_BODY = YES;
				CLANG_WARN_ENUM_CONVERSION = YES;
				CLANG_WARN_INT_CONVERSION = YES;
				CLANG_WARN_OBJC_ROOT_CLASS = YES_ERROR;
				CLANG_WARN__DUPLICATE_METHOD_MATCH = YES;
				"CODE_SIGN_IDENTITY[sdk=iphoneos*]" = "iPhone Developer";
				COPY_PHASE_STRIP = NO;
				GCC_C_LANGUAGE_STANDARD = gnu99;
				GCC_DYNAMIC_NO_PIC = NO;
				GCC_OPTIMIZATION_LEVEL = 0;
				GCC_PREPROCESSOR_DEFINITIONS = (
					"DEBUG=1",
					"$(inherited)",
				);
				GCC_SYMBOLS_PRIVATE_EXTERN = NO;
				GCC_WARN_64_TO_32_BIT_CONVERSION = YES;
				GCC_WARN_ABOUT_RETURN_TYPE = YES_ERROR;
				GCC_WARN_UNDECLARED_SELECTOR = YES;
				GCC_WARN_UNINITIALIZED_AUTOS = YES;
				GCC_WARN_UNUSED_FUNCTION = YES;
				GCC_WARN_UNUSED_VARIABLE = YES;
				IPHONEOS_DEPLOYMENT_TARGET = 7.0;
				ONLY_ACTIVE_ARCH = YES;
				SDKROOT = iphoneos;
			};
			name = Debug;
		};
		ADCE9D0B17ECE624008943B0 /* Release */ = {
			isa = XCBuildConfiguration;
			buildSettings = {
				ALWAYS_SEARCH_USER_PATHS = NO;
				ARCHS = "$(ARCHS_STANDARD_INCLUDING_64_BIT)";
				CLANG_CXX_LANGUAGE_STANDARD = "gnu++0x";
				CLANG_CXX_LIBRARY = "libc++";
				CLANG_ENABLE_MODULES = YES;
				CLANG_ENABLE_OBJC_ARC = YES;
				CLANG_WARN_BOOL_CONVERSION = YES;
				CLANG_WARN_CONSTANT_CONVERSION = YES;
				CLANG_WARN_DIRECT_OBJC_ISA_USAGE = YES_ERROR;
				CLANG_WARN_EMPTY_BODY = YES;
				CLANG_WARN_ENUM_CONVERSION = YES;
				CLANG_WARN_INT_CONVERSION = YES;
				CLANG_WARN_OBJC_ROOT_CLASS = YES_ERROR;
				CLANG_WARN__DUPLICATE_METHOD_MATCH = YES;
				"CODE_SIGN_IDENTITY[sdk=iphoneos*]" = "iPhone Developer";
				COPY_PHASE_STRIP = YES;
				ENABLE_NS_ASSERTIONS = NO;
				GCC_C_LANGUAGE_STANDARD = gnu99;
				GCC_WARN_64_TO_32_BIT_CONVERSION = YES;
				GCC_WARN_ABOUT_RETURN_TYPE = YES_ERROR;
				GCC_WARN_UNDECLARED_SELECTOR = YES;
				GCC_WARN_UNINITIALIZED_AUTOS = YES;
				GCC_WARN_UNUSED_FUNCTION = YES;
				GCC_WARN_UNUSED_VARIABLE = YES;
				IPHONEOS_DEPLOYMENT_TARGET = 7.0;
				SDKROOT = iphoneos;
				VALIDATE_PRODUCT = YES;
			};
			name = Release;
		};
		ADCE9D0D17ECE624008943B0 /* Debug */ = {
			isa = XCBuildConfiguration;
			buildSettings = {
				ASSETCATALOG_COMPILER_APPICON_NAME = AppIcon;
				ASSETCATALOG_COMPILER_LAUNCHIMAGE_NAME = LaunchImage;
				GCC_PRECOMPILE_PREFIX_HEADER = YES;
				GCC_PREFIX_HEADER = "WTF/WTF-Prefix.pch";
				INFOPLIST_FILE = "WTF/WTF-Info.plist";
				PRODUCT_NAME = "$(TARGET_NAME)";
				WRAPPER_EXTENSION = app;
			};
			name = Debug;
		};
		ADCE9D0E17ECE624008943B0 /* Release */ = {
			isa = XCBuildConfiguration;
			buildSettings = {
				ASSETCATALOG_COMPILER_APPICON_NAME = AppIcon;
				ASSETCATALOG_COMPILER_LAUNCHIMAGE_NAME = LaunchImage;
				GCC_PRECOMPILE_PREFIX_HEADER = YES;
				GCC_PREFIX_HEADER = "WTF/WTF-Prefix.pch";
				INFOPLIST_FILE = "WTF/WTF-Info.plist";
				PRODUCT_NAME = "$(TARGET_NAME)";
				WRAPPER_EXTENSION = app;
			};
			name = Release;
		};
		ADCE9D1017ECE624008943B0 /* Debug */ = {
			isa = XCBuildConfiguration;
			buildSettings = {
				ARCHS = "$(ARCHS_STANDARD_INCLUDING_64_BIT)";
				BUNDLE_LOADER = "$(BUILT_PRODUCTS_DIR)/WTF.app/WTF";
				FRAMEWORK_SEARCH_PATHS = (
					"$(SDKROOT)/Developer/Library/Frameworks",
					"$(inherited)",
					"$(DEVELOPER_FRAMEWORKS_DIR)",
				);
				GCC_PRECOMPILE_PREFIX_HEADER = YES;
				GCC_PREFIX_HEADER = "WTF/WTF-Prefix.pch";
				GCC_PREPROCESSOR_DEFINITIONS = (
					"DEBUG=1",
					"$(inherited)",
				);
				INFOPLIST_FILE = "WTFTests/WTFTests-Info.plist";
				PRODUCT_NAME = "$(TARGET_NAME)";
				TEST_HOST = "$(BUNDLE_LOADER)";
				WRAPPER_EXTENSION = xctest;
			};
			name = Debug;
		};
		ADCE9D1117ECE624008943B0 /* Release */ = {
			isa = XCBuildConfiguration;
			buildSettings = {
				ARCHS = "$(ARCHS_STANDARD_INCLUDING_64_BIT)";
				BUNDLE_LOADER = "$(BUILT_PRODUCTS_DIR)/WTF.app/WTF";
				FRAMEWORK_SEARCH_PATHS = (
					"$(SDKROOT)/Developer/Library/Frameworks",
					"$(inherited)",
					"$(DEVELOPER_FRAMEWORKS_DIR)",
				);
				GCC_PRECOMPILE_PREFIX_HEADER = YES;
				GCC_PREFIX_HEADER = "WTF/WTF-Prefix.pch";
				INFOPLIST_FILE = "WTFTests/WTFTests-Info.plist";
				PRODUCT_NAME = "$(TARGET_NAME)";
				TEST_HOST = "$(BUNDLE_LOADER)";
				WRAPPER_EXTENSION = xctest;
			};
			name = Release;
		};
/* End XCBuildConfiguration section */

/* Begin XCConfigurationList section */
		ADCE9CD517ECE624008943B0 /* Build configuration list for PBXProject "WTF" */ = {
			isa = XCConfigurationList;
			buildConfigurations = (
				ADCE9D0A17ECE624008943B0 /* Debug */,
				ADCE9D0B17ECE624008943B0 /* Release */,
			);
			defaultConfigurationIsVisible = 0;
			defaultConfigurationName = Release;
		};
		ADCE9D0C17ECE624008943B0 /* Build configuration list for PBXNativeTarget "WTF" */ = {
			isa = XCConfigurationList;
			buildConfigurations = (
				ADCE9D0D17ECE624008943B0 /* Debug */,
				ADCE9D0E17ECE624008943B0 /* Release */,
			);
			defaultConfigurationIsVisible = 0;
		};
		ADCE9D0F17ECE624008943B0 /* Build configuration list for PBXNativeTarget "WTFTests" */ = {
			isa = XCConfigurationList;
			buildConfigurations = (
				ADCE9D1017ECE624008943B0 /* Debug */,
				ADCE9D1117ECE624008943B0 /* Release */,
			);
			defaultConfigurationIsVisible = 0;
		};
/* End XCConfigurationList section */
	};
	rootObject = ADCE9CD217ECE624008943B0 /* Project object */;
}
